// !$*UTF8*$!
{
	archiveVersion = 1;
	classes = {
	};
	objectVersion = 56;
	objects = {

/* Begin PBXBuildFile section */
		1D5305F428A1B85C006B8DB4 /* DetailViewController.swift in Sources */ = {isa = PBXBuildFile; fileRef = 1D5305F328A1B85C006B8DB4 /* DetailViewController.swift */; };
		1D89BDC828A2899700D266AD /* Commit.swift in Sources */ = {isa = PBXBuildFile; fileRef = 1D89BDC728A2899700D266AD /* Commit.swift */; };
		1D93953A28A14DCF00B0CE90 /* GoogleService-Info.plist in Resources */ = {isa = PBXBuildFile; fileRef = 1D93953928A14DCF00B0CE90 /* GoogleService-Info.plist */; };
		1D93953D28A14E8C00B0CE90 /* FirebaseAuth in Frameworks */ = {isa = PBXBuildFile; productRef = 1D93953C28A14E8C00B0CE90 /* FirebaseAuth */; };
		1D93953F28A14E8C00B0CE90 /* FirebaseAuthCombine-Community in Frameworks */ = {isa = PBXBuildFile; productRef = 1D93953E28A14E8C00B0CE90 /* FirebaseAuthCombine-Community */; };
		1D93954128A15F1600B0CE90 /* User.swift in Sources */ = {isa = PBXBuildFile; fileRef = 1D93954028A15F1600B0CE90 /* User.swift */; };
		1D93954328A1632B00B0CE90 /* RepoViewController.swift in Sources */ = {isa = PBXBuildFile; fileRef = 1D93954228A1632A00B0CE90 /* RepoViewController.swift */; };
		1D93954528A1716E00B0CE90 /* FeedModel.swift in Sources */ = {isa = PBXBuildFile; fileRef = 1D93954428A1716E00B0CE90 /* FeedModel.swift */; };
		1DC3CCF528A1441800067001 /* AppDelegate.swift in Sources */ = {isa = PBXBuildFile; fileRef = 1DC3CCF428A1441800067001 /* AppDelegate.swift */; };
		1DC3CCF728A1441800067001 /* SceneDelegate.swift in Sources */ = {isa = PBXBuildFile; fileRef = 1DC3CCF628A1441800067001 /* SceneDelegate.swift */; };
		1DC3CCF928A1441800067001 /* ViewController.swift in Sources */ = {isa = PBXBuildFile; fileRef = 1DC3CCF828A1441800067001 /* ViewController.swift */; };
		1DC3CCFC28A1441800067001 /* Main.storyboard in Resources */ = {isa = PBXBuildFile; fileRef = 1DC3CCFA28A1441800067001 /* Main.storyboard */; };
		1DC3CCFE28A1441A00067001 /* Assets.xcassets in Resources */ = {isa = PBXBuildFile; fileRef = 1DC3CCFD28A1441A00067001 /* Assets.xcassets */; };
		1DC3CD0128A1441A00067001 /* LaunchScreen.storyboard in Resources */ = {isa = PBXBuildFile; fileRef = 1DC3CCFF28A1441A00067001 /* LaunchScreen.storyboard */; };
		1DC3CD0C28A1441A00067001 /* githubTests.swift in Sources */ = {isa = PBXBuildFile; fileRef = 1DC3CD0B28A1441A00067001 /* githubTests.swift */; };
		1DC3CD1628A1441A00067001 /* githubUITests.swift in Sources */ = {isa = PBXBuildFile; fileRef = 1DC3CD1528A1441A00067001 /* githubUITests.swift */; };
		1DC3CD1828A1441A00067001 /* githubUITestsLaunchTests.swift in Sources */ = {isa = PBXBuildFile; fileRef = 1DC3CD1728A1441A00067001 /* githubUITestsLaunchTests.swift */; };
/* End PBXBuildFile section */

/* Begin PBXContainerItemProxy section */
		1DC3CD0828A1441A00067001 /* PBXContainerItemProxy */ = {
			isa = PBXContainerItemProxy;
			containerPortal = 1DC3CCE928A1441800067001 /* Project object */;
			proxyType = 1;
			remoteGlobalIDString = 1DC3CCF028A1441800067001;
			remoteInfo = github;
		};
		1DC3CD1228A1441A00067001 /* PBXContainerItemProxy */ = {
			isa = PBXContainerItemProxy;
			containerPortal = 1DC3CCE928A1441800067001 /* Project object */;
			proxyType = 1;
			remoteGlobalIDString = 1DC3CCF028A1441800067001;
			remoteInfo = github;
		};
/* End PBXContainerItemProxy section */

/* Begin PBXFileReference section */
		1D5305F328A1B85C006B8DB4 /* DetailViewController.swift */ = {isa = PBXFileReference; lastKnownFileType = sourcecode.swift; path = DetailViewController.swift; sourceTree = "<group>"; };
		1D89BDC728A2899700D266AD /* Commit.swift */ = {isa = PBXFileReference; lastKnownFileType = sourcecode.swift; path = Commit.swift; sourceTree = "<group>"; };
		1D93953928A14DCF00B0CE90 /* GoogleService-Info.plist */ = {isa = PBXFileReference; fileEncoding = 4; lastKnownFileType = text.plist.xml; path = "GoogleService-Info.plist"; sourceTree = "<group>"; };
		1D93954028A15F1600B0CE90 /* User.swift */ = {isa = PBXFileReference; lastKnownFileType = sourcecode.swift; path = User.swift; sourceTree = "<group>"; };
		1D93954228A1632A00B0CE90 /* RepoViewController.swift */ = {isa = PBXFileReference; lastKnownFileType = sourcecode.swift; path = RepoViewController.swift; sourceTree = "<group>"; };
		1D93954428A1716E00B0CE90 /* FeedModel.swift */ = {isa = PBXFileReference; lastKnownFileType = sourcecode.swift; path = FeedModel.swift; sourceTree = "<group>"; };
		1DC3CCF128A1441800067001 /* github.app */ = {isa = PBXFileReference; explicitFileType = wrapper.application; includeInIndex = 0; path = github.app; sourceTree = BUILT_PRODUCTS_DIR; };
		1DC3CCF428A1441800067001 /* AppDelegate.swift */ = {isa = PBXFileReference; lastKnownFileType = sourcecode.swift; path = AppDelegate.swift; sourceTree = "<group>"; };
		1DC3CCF628A1441800067001 /* SceneDelegate.swift */ = {isa = PBXFileReference; lastKnownFileType = sourcecode.swift; path = SceneDelegate.swift; sourceTree = "<group>"; };
		1DC3CCF828A1441800067001 /* ViewController.swift */ = {isa = PBXFileReference; lastKnownFileType = sourcecode.swift; path = ViewController.swift; sourceTree = "<group>"; };
		1DC3CCFB28A1441800067001 /* Base */ = {isa = PBXFileReference; lastKnownFileType = file.storyboard; name = Base; path = Base.lproj/Main.storyboard; sourceTree = "<group>"; };
		1DC3CCFD28A1441A00067001 /* Assets.xcassets */ = {isa = PBXFileReference; lastKnownFileType = folder.assetcatalog; path = Assets.xcassets; sourceTree = "<group>"; };
		1DC3CD0028A1441A00067001 /* Base */ = {isa = PBXFileReference; lastKnownFileType = file.storyboard; name = Base; path = Base.lproj/LaunchScreen.storyboard; sourceTree = "<group>"; };
		1DC3CD0228A1441A00067001 /* Info.plist */ = {isa = PBXFileReference; lastKnownFileType = text.plist.xml; path = Info.plist; sourceTree = "<group>"; };
		1DC3CD0728A1441A00067001 /* githubTests.xctest */ = {isa = PBXFileReference; explicitFileType = wrapper.cfbundle; includeInIndex = 0; path = githubTests.xctest; sourceTree = BUILT_PRODUCTS_DIR; };
		1DC3CD0B28A1441A00067001 /* githubTests.swift */ = {isa = PBXFileReference; lastKnownFileType = sourcecode.swift; path = githubTests.swift; sourceTree = "<group>"; };
		1DC3CD1128A1441A00067001 /* githubUITests.xctest */ = {isa = PBXFileReference; explicitFileType = wrapper.cfbundle; includeInIndex = 0; path = githubUITests.xctest; sourceTree = BUILT_PRODUCTS_DIR; };
		1DC3CD1528A1441A00067001 /* githubUITests.swift */ = {isa = PBXFileReference; lastKnownFileType = sourcecode.swift; path = githubUITests.swift; sourceTree = "<group>"; };
		1DC3CD1728A1441A00067001 /* githubUITestsLaunchTests.swift */ = {isa = PBXFileReference; lastKnownFileType = sourcecode.swift; path = githubUITestsLaunchTests.swift; sourceTree = "<group>"; };
/* End PBXFileReference section */

/* Begin PBXFrameworksBuildPhase section */
		1DC3CCEE28A1441800067001 /* Frameworks */ = {
			isa = PBXFrameworksBuildPhase;
			buildActionMask = 2147483647;
			files = (
				1D93953D28A14E8C00B0CE90 /* FirebaseAuth in Frameworks */,
				1D93953F28A14E8C00B0CE90 /* FirebaseAuthCombine-Community in Frameworks */,
			);
			runOnlyForDeploymentPostprocessing = 0;
		};
		1DC3CD0428A1441A00067001 /* Frameworks */ = {
			isa = PBXFrameworksBuildPhase;
			buildActionMask = 2147483647;
			files = (
			);
			runOnlyForDeploymentPostprocessing = 0;
		};
		1DC3CD0E28A1441A00067001 /* Frameworks */ = {
			isa = PBXFrameworksBuildPhase;
			buildActionMask = 2147483647;
			files = (
			);
			runOnlyForDeploymentPostprocessing = 0;
		};
/* End PBXFrameworksBuildPhase section */

/* Begin PBXGroup section */
		1DC3CCE828A1441800067001 = {
			isa = PBXGroup;
			children = (
				1DC3CCF328A1441800067001 /* github */,
				1DC3CD0A28A1441A00067001 /* githubTests */,
				1DC3CD1428A1441A00067001 /* githubUITests */,
				1DC3CCF228A1441800067001 /* Products */,
			);
			sourceTree = "<group>";
		};
		1DC3CCF228A1441800067001 /* Products */ = {
			isa = PBXGroup;
			children = (
				1DC3CCF128A1441800067001 /* github.app */,
				1DC3CD0728A1441A00067001 /* githubTests.xctest */,
				1DC3CD1128A1441A00067001 /* githubUITests.xctest */,
			);
			name = Products;
			sourceTree = "<group>";
		};
		1DC3CCF328A1441800067001 /* github */ = {
			isa = PBXGroup;
			children = (
				1DC3CCF428A1441800067001 /* AppDelegate.swift */,
				1DC3CCF628A1441800067001 /* SceneDelegate.swift */,
				1DC3CCF828A1441800067001 /* ViewController.swift */,
				1DC3CCFA28A1441800067001 /* Main.storyboard */,
				1DC3CCFD28A1441A00067001 /* Assets.xcassets */,
				1DC3CCFF28A1441A00067001 /* LaunchScreen.storyboard */,
				1DC3CD0228A1441A00067001 /* Info.plist */,
				1D93953928A14DCF00B0CE90 /* GoogleService-Info.plist */,
				1D93954028A15F1600B0CE90 /* User.swift */,
				1D93954228A1632A00B0CE90 /* RepoViewController.swift */,
				1D5305F328A1B85C006B8DB4 /* DetailViewController.swift */,
				1D93954428A1716E00B0CE90 /* FeedModel.swift */,
				1D89BDC728A2899700D266AD /* Commit.swift */,
			);
			path = github;
			sourceTree = "<group>";
		};
		1DC3CD0A28A1441A00067001 /* githubTests */ = {
			isa = PBXGroup;
			children = (
				1DC3CD0B28A1441A00067001 /* githubTests.swift */,
			);
			path = githubTests;
			sourceTree = "<group>";
		};
		1DC3CD1428A1441A00067001 /* githubUITests */ = {
			isa = PBXGroup;
			children = (
				1DC3CD1528A1441A00067001 /* githubUITests.swift */,
				1DC3CD1728A1441A00067001 /* githubUITestsLaunchTests.swift */,
			);
			path = githubUITests;
			sourceTree = "<group>";
		};
/* End PBXGroup section */

/* Begin PBXNativeTarget section */
		1DC3CCF028A1441800067001 /* github */ = {
			isa = PBXNativeTarget;
			buildConfigurationList = 1DC3CD1B28A1441A00067001 /* Build configuration list for PBXNativeTarget "github" */;
			buildPhases = (
				1DC3CCED28A1441800067001 /* Sources */,
				1DC3CCEE28A1441800067001 /* Frameworks */,
				1DC3CCEF28A1441800067001 /* Resources */,
			);
			buildRules = (
			);
			dependencies = (
			);
			name = github;
			packageProductDependencies = (
				1D93953C28A14E8C00B0CE90 /* FirebaseAuth */,
				1D93953E28A14E8C00B0CE90 /* FirebaseAuthCombine-Community */,
			);
			productName = github;
			productReference = 1DC3CCF128A1441800067001 /* github.app */;
			productType = "com.apple.product-type.application";
		};
		1DC3CD0628A1441A00067001 /* githubTests */ = {
			isa = PBXNativeTarget;
			buildConfigurationList = 1DC3CD1E28A1441A00067001 /* Build configuration list for PBXNativeTarget "githubTests" */;
			buildPhases = (
				1DC3CD0328A1441A00067001 /* Sources */,
				1DC3CD0428A1441A00067001 /* Frameworks */,
				1DC3CD0528A1441A00067001 /* Resources */,
			);
			buildRules = (
			);
			dependencies = (
				1DC3CD0928A1441A00067001 /* PBXTargetDependency */,
			);
			name = githubTests;
			productName = githubTests;
			productReference = 1DC3CD0728A1441A00067001 /* githubTests.xctest */;
			productType = "com.apple.product-type.bundle.unit-test";
		};
		1DC3CD1028A1441A00067001 /* githubUITests */ = {
			isa = PBXNativeTarget;
			buildConfigurationList = 1DC3CD2128A1441A00067001 /* Build configuration list for PBXNativeTarget "githubUITests" */;
			buildPhases = (
				1DC3CD0D28A1441A00067001 /* Sources */,
				1DC3CD0E28A1441A00067001 /* Frameworks */,
				1DC3CD0F28A1441A00067001 /* Resources */,
			);
			buildRules = (
			);
			dependencies = (
				1DC3CD1328A1441A00067001 /* PBXTargetDependency */,
			);
			name = githubUITests;
			productName = githubUITests;
			productReference = 1DC3CD1128A1441A00067001 /* githubUITests.xctest */;
			productType = "com.apple.product-type.bundle.ui-testing";
		};
/* End PBXNativeTarget section */

/* Begin PBXProject section */
		1DC3CCE928A1441800067001 /* Project object */ = {
			isa = PBXProject;
			attributes = {
				BuildIndependentTargetsInParallel = 1;
				LastSwiftUpdateCheck = 1400;
				LastUpgradeCheck = 1400;
				TargetAttributes = {
					1DC3CCF028A1441800067001 = {
						CreatedOnToolsVersion = 14.0;
					};
					1DC3CD0628A1441A00067001 = {
						CreatedOnToolsVersion = 14.0;
						TestTargetID = 1DC3CCF028A1441800067001;
					};
					1DC3CD1028A1441A00067001 = {
						CreatedOnToolsVersion = 14.0;
						TestTargetID = 1DC3CCF028A1441800067001;
					};
				};
			};
			buildConfigurationList = 1DC3CCEC28A1441800067001 /* Build configuration list for PBXProject "github" */;
			compatibilityVersion = "Xcode 14.0";
			developmentRegion = en;
			hasScannedForEncodings = 0;
			knownRegions = (
				en,
				Base,
			);
			mainGroup = 1DC3CCE828A1441800067001;
			packageReferences = (
				1D93953B28A14E8C00B0CE90 /* XCRemoteSwiftPackageReference "firebase-ios-sdk" */,
			);
			productRefGroup = 1DC3CCF228A1441800067001 /* Products */;
			projectDirPath = "";
			projectRoot = "";
			targets = (
				1DC3CCF028A1441800067001 /* github */,
				1DC3CD0628A1441A00067001 /* githubTests */,
				1DC3CD1028A1441A00067001 /* githubUITests */,
			);
		};
/* End PBXProject section */

/* Begin PBXResourcesBuildPhase section */
		1DC3CCEF28A1441800067001 /* Resources */ = {
			isa = PBXResourcesBuildPhase;
			buildActionMask = 2147483647;
			files = (
				1DC3CD0128A1441A00067001 /* LaunchScreen.storyboard in Resources */,
				1DC3CCFE28A1441A00067001 /* Assets.xcassets in Resources */,
				1DC3CCFC28A1441800067001 /* Main.storyboard in Resources */,
				1D93953A28A14DCF00B0CE90 /* GoogleService-Info.plist in Resources */,
			);
			runOnlyForDeploymentPostprocessing = 0;
		};
		1DC3CD0528A1441A00067001 /* Resources */ = {
			isa = PBXResourcesBuildPhase;
			buildActionMask = 2147483647;
			files = (
			);
			runOnlyForDeploymentPostprocessing = 0;
		};
		1DC3CD0F28A1441A00067001 /* Resources */ = {
			isa = PBXResourcesBuildPhase;
			buildActionMask = 2147483647;
			files = (
			);
			runOnlyForDeploymentPostprocessing = 0;
		};
/* End PBXResourcesBuildPhase section */

/* Begin PBXSourcesBuildPhase section */
		1DC3CCED28A1441800067001 /* Sources */ = {
			isa = PBXSourcesBuildPhase;
			buildActionMask = 2147483647;
			files = (
				1D89BDC828A2899700D266AD /* Commit.swift in Sources */,
				1DC3CCF928A1441800067001 /* ViewController.swift in Sources */,
				1DC3CCF528A1441800067001 /* AppDelegate.swift in Sources */,
				1DC3CCF728A1441800067001 /* SceneDelegate.swift in Sources */,
				1D93954328A1632B00B0CE90 /* RepoViewController.swift in Sources */,
				1D93954128A15F1600B0CE90 /* User.swift in Sources */,
				1D93954528A1716E00B0CE90 /* FeedModel.swift in Sources */,
				1D5305F428A1B85C006B8DB4 /* DetailViewController.swift in Sources */,
			);
			runOnlyForDeploymentPostprocessing = 0;
		};
		1DC3CD0328A1441A00067001 /* Sources */ = {
			isa = PBXSourcesBuildPhase;
			buildActionMask = 2147483647;
			files = (
				1DC3CD0C28A1441A00067001 /* githubTests.swift in Sources */,
			);
			runOnlyForDeploymentPostprocessing = 0;
		};
		1DC3CD0D28A1441A00067001 /* Sources */ = {
			isa = PBXSourcesBuildPhase;
			buildActionMask = 2147483647;
			files = (
				1DC3CD1628A1441A00067001 /* githubUITests.swift in Sources */,
				1DC3CD1828A1441A00067001 /* githubUITestsLaunchTests.swift in Sources */,
			);
			runOnlyForDeploymentPostprocessing = 0;
		};
/* End PBXSourcesBuildPhase section */

/* Begin PBXTargetDependency section */
		1DC3CD0928A1441A00067001 /* PBXTargetDependency */ = {
			isa = PBXTargetDependency;
			target = 1DC3CCF028A1441800067001 /* github */;
			targetProxy = 1DC3CD0828A1441A00067001 /* PBXContainerItemProxy */;
		};
		1DC3CD1328A1441A00067001 /* PBXTargetDependency */ = {
			isa = PBXTargetDependency;
			target = 1DC3CCF028A1441800067001 /* github */;
			targetProxy = 1DC3CD1228A1441A00067001 /* PBXContainerItemProxy */;
		};
/* End PBXTargetDependency section */

/* Begin PBXVariantGroup section */
		1DC3CCFA28A1441800067001 /* Main.storyboard */ = {
			isa = PBXVariantGroup;
			children = (
				1DC3CCFB28A1441800067001 /* Base */,
			);
			name = Main.storyboard;
			sourceTree = "<group>";
		};
		1DC3CCFF28A1441A00067001 /* LaunchScreen.storyboard */ = {
			isa = PBXVariantGroup;
			children = (
				1DC3CD0028A1441A00067001 /* Base */,
			);
			name = LaunchScreen.storyboard;
			sourceTree = "<group>";
		};
/* End PBXVariantGroup section */

/* Begin XCBuildConfiguration section */
		1DC3CD1928A1441A00067001 /* Debug */ = {
			isa = XCBuildConfiguration;
			buildSettings = {
				ALWAYS_SEARCH_USER_PATHS = NO;
				CLANG_ANALYZER_NONNULL = YES;
				CLANG_ANALYZER_NUMBER_OBJECT_CONVERSION = YES_AGGRESSIVE;
				CLANG_CXX_LANGUAGE_STANDARD = "gnu++20";
				CLANG_ENABLE_MODULES = YES;
				CLANG_ENABLE_OBJC_ARC = YES;
				CLANG_ENABLE_OBJC_WEAK = YES;
				CLANG_WARN_BLOCK_CAPTURE_AUTORELEASING = YES;
				CLANG_WARN_BOOL_CONVERSION = YES;
				CLANG_WARN_COMMA = YES;
				CLANG_WARN_CONSTANT_CONVERSION = YES;
				CLANG_WARN_DEPRECATED_OBJC_IMPLEMENTATIONS = YES;
				CLANG_WARN_DIRECT_OBJC_ISA_USAGE = YES_ERROR;
				CLANG_WARN_DOCUMENTATION_COMMENTS = YES;
				CLANG_WARN_EMPTY_BODY = YES;
				CLANG_WARN_ENUM_CONVERSION = YES;
				CLANG_WARN_INFINITE_RECURSION = YES;
				CLANG_WARN_INT_CONVERSION = YES;
				CLANG_WARN_NON_LITERAL_NULL_CONVERSION = YES;
				CLANG_WARN_OBJC_IMPLICIT_RETAIN_SELF = YES;
				CLANG_WARN_OBJC_LITERAL_CONVERSION = YES;
				CLANG_WARN_OBJC_ROOT_CLASS = YES_ERROR;
				CLANG_WARN_QUOTED_INCLUDE_IN_FRAMEWORK_HEADER = YES;
				CLANG_WARN_RANGE_LOOP_ANALYSIS = YES;
				CLANG_WARN_STRICT_PROTOTYPES = YES;
				CLANG_WARN_SUSPICIOUS_MOVE = YES;
				CLANG_WARN_UNGUARDED_AVAILABILITY = YES_AGGRESSIVE;
				CLANG_WARN_UNREACHABLE_CODE = YES;
				CLANG_WARN__DUPLICATE_METHOD_MATCH = YES;
				COPY_PHASE_STRIP = NO;
				DEBUG_INFORMATION_FORMAT = dwarf;
				ENABLE_STRICT_OBJC_MSGSEND = YES;
				ENABLE_TESTABILITY = YES;
				GCC_C_LANGUAGE_STANDARD = gnu11;
				GCC_DYNAMIC_NO_PIC = NO;
				GCC_NO_COMMON_BLOCKS = YES;
				GCC_OPTIMIZATION_LEVEL = 0;
				GCC_PREPROCESSOR_DEFINITIONS = (
					"DEBUG=1",
					"$(inherited)",
				);
				GCC_WARN_64_TO_32_BIT_CONVERSION = YES;
				GCC_WARN_ABOUT_RETURN_TYPE = YES_ERROR;
				GCC_WARN_UNDECLARED_SELECTOR = YES;
				GCC_WARN_UNINITIALIZED_AUTOS = YES_AGGRESSIVE;
				GCC_WARN_UNUSED_FUNCTION = YES;
				GCC_WARN_UNUSED_VARIABLE = YES;
				IPHONEOS_DEPLOYMENT_TARGET = 16.0;
				MTL_ENABLE_DEBUG_INFO = INCLUDE_SOURCE;
				MTL_FAST_MATH = YES;
				ONLY_ACTIVE_ARCH = YES;
				SDKROOT = iphoneos;
				SWIFT_ACTIVE_COMPILATION_CONDITIONS = DEBUG;
				SWIFT_OPTIMIZATION_LEVEL = "-Onone";
			};
			name = Debug;
		};
		1DC3CD1A28A1441A00067001 /* Release */ = {
			isa = XCBuildConfiguration;
			buildSettings = {
				ALWAYS_SEARCH_USER_PATHS = NO;
				CLANG_ANALYZER_NONNULL = YES;
				CLANG_ANALYZER_NUMBER_OBJECT_CONVERSION = YES_AGGRESSIVE;
				CLANG_CXX_LANGUAGE_STANDARD = "gnu++20";
				CLANG_ENABLE_MODULES = YES;
				CLANG_ENABLE_OBJC_ARC = YES;
				CLANG_ENABLE_OBJC_WEAK = YES;
				CLANG_WARN_BLOCK_CAPTURE_AUTORELEASING = YES;
				CLANG_WARN_BOOL_CONVERSION = YES;
				CLANG_WARN_COMMA = YES;
				CLANG_WARN_CONSTANT_CONVERSION = YES;
				CLANG_WARN_DEPRECATED_OBJC_IMPLEMENTATIONS = YES;
				CLANG_WARN_DIRECT_OBJC_ISA_USAGE = YES_ERROR;
				CLANG_WARN_DOCUMENTATION_COMMENTS = YES;
				CLANG_WARN_EMPTY_BODY = YES;
				CLANG_WARN_ENUM_CONVERSION = YES;
				CLANG_WARN_INFINITE_RECURSION = YES;
				CLANG_WARN_INT_CONVERSION = YES;
				CLANG_WARN_NON_LITERAL_NULL_CONVERSION = YES;
				CLANG_WARN_OBJC_IMPLICIT_RETAIN_SELF = YES;
				CLANG_WARN_OBJC_LITERAL_CONVERSION = YES;
				CLANG_WARN_OBJC_ROOT_CLASS = YES_ERROR;
				CLANG_WARN_QUOTED_INCLUDE_IN_FRAMEWORK_HEADER = YES;
				CLANG_WARN_RANGE_LOOP_ANALYSIS = YES;
				CLANG_WARN_STRICT_PROTOTYPES = YES;
				CLANG_WARN_SUSPICIOUS_MOVE = YES;
				CLANG_WARN_UNGUARDED_AVAILABILITY = YES_AGGRESSIVE;
				CLANG_WARN_UNREACHABLE_CODE = YES;
				CLANG_WARN__DUPLICATE_METHOD_MATCH = YES;
				COPY_PHASE_STRIP = NO;
				DEBUG_INFORMATION_FORMAT = "dwarf-with-dsym";
				ENABLE_NS_ASSERTIONS = NO;
				ENABLE_STRICT_OBJC_MSGSEND = YES;
				GCC_C_LANGUAGE_STANDARD = gnu11;
				GCC_NO_COMMON_BLOCKS = YES;
				GCC_WARN_64_TO_32_BIT_CONVERSION = YES;
				GCC_WARN_ABOUT_RETURN_TYPE = YES_ERROR;
				GCC_WARN_UNDECLARED_SELECTOR = YES;
				GCC_WARN_UNINITIALIZED_AUTOS = YES_AGGRESSIVE;
				GCC_WARN_UNUSED_FUNCTION = YES;
				GCC_WARN_UNUSED_VARIABLE = YES;
				IPHONEOS_DEPLOYMENT_TARGET = 16.0;
				MTL_ENABLE_DEBUG_INFO = NO;
				MTL_FAST_MATH = YES;
				SDKROOT = iphoneos;
				SWIFT_COMPILATION_MODE = wholemodule;
				SWIFT_OPTIMIZATION_LEVEL = "-O";
				VALIDATE_PRODUCT = YES;
			};
			name = Release;
		};
		1DC3CD1C28A1441A00067001 /* Debug */ = {
			isa = XCBuildConfiguration;
			buildSettings = {
				ASSETCATALOG_COMPILER_APPICON_NAME = AppIcon;
				ASSETCATALOG_COMPILER_GLOBAL_ACCENT_COLOR_NAME = AccentColor;
				CODE_SIGN_STYLE = Automatic;
				CURRENT_PROJECT_VERSION = 1;
				DEVELOPMENT_TEAM = A4XS5H72CE;
				GENERATE_INFOPLIST_FILE = YES;
				INFOPLIST_FILE = github/Info.plist;
				INFOPLIST_KEY_UIApplicationSupportsIndirectInputEvents = YES;
				INFOPLIST_KEY_UILaunchStoryboardName = LaunchScreen;
				INFOPLIST_KEY_UIMainStoryboardFile = Main;
				INFOPLIST_KEY_UISupportedInterfaceOrientations_iPad = "UIInterfaceOrientationPortrait UIInterfaceOrientationPortraitUpsideDown UIInterfaceOrientationLandscapeLeft UIInterfaceOrientationLandscapeRight";
				INFOPLIST_KEY_UISupportedInterfaceOrientations_iPhone = "UIInterfaceOrientationPortrait UIInterfaceOrientationLandscapeLeft UIInterfaceOrientationLandscapeRight";
				LD_RUNPATH_SEARCH_PATHS = (
					"$(inherited)",
					"@executable_path/Frameworks",
				);
				MARKETING_VERSION = 1.0;
				PRODUCT_BUNDLE_IDENTIFIER = d.github;
				PRODUCT_NAME = "$(TARGET_NAME)";
				SWIFT_EMIT_LOC_STRINGS = YES;
				SWIFT_VERSION = 5.0;
				TARGETED_DEVICE_FAMILY = "1,2";
			};
			name = Debug;
		};
		1DC3CD1D28A1441A00067001 /* Release */ = {
			isa = XCBuildConfiguration;
			buildSettings = {
				ASSETCATALOG_COMPILER_APPICON_NAME = AppIcon;
				ASSETCATALOG_COMPILER_GLOBAL_ACCENT_COLOR_NAME = AccentColor;
				CODE_SIGN_STYLE = Automatic;
				CURRENT_PROJECT_VERSION = 1;
				DEVELOPMENT_TEAM = A4XS5H72CE;
				GENERATE_INFOPLIST_FILE = YES;
				INFOPLIST_FILE = github/Info.plist;
				INFOPLIST_KEY_UIApplicationSupportsIndirectInputEvents = YES;
				INFOPLIST_KEY_UILaunchStoryboardName = LaunchScreen;
				INFOPLIST_KEY_UIMainStoryboardFile = Main;
				INFOPLIST_KEY_UISupportedInterfaceOrientations_iPad = "UIInterfaceOrientationPortrait UIInterfaceOrientationPortraitUpsideDown UIInterfaceOrientationLandscapeLeft UIInterfaceOrientationLandscapeRight";
				INFOPLIST_KEY_UISupportedInterfaceOrientations_iPhone = "UIInterfaceOrientationPortrait UIInterfaceOrientationLandscapeLeft UIInterfaceOrientationLandscapeRight";
				LD_RUNPATH_SEARCH_PATHS = (
					"$(inherited)",
					"@executable_path/Frameworks",
				);
				MARKETING_VERSION = 1.0;
				PRODUCT_BUNDLE_IDENTIFIER = d.github;
				PRODUCT_NAME = "$(TARGET_NAME)";
				SWIFT_EMIT_LOC_STRINGS = YES;
				SWIFT_VERSION = 5.0;
				TARGETED_DEVICE_FAMILY = "1,2";
			};
			name = Release;
		};
		1DC3CD1F28A1441A00067001 /* Debug */ = {
			isa = XCBuildConfiguration;
			buildSettings = {
				ALWAYS_EMBED_SWIFT_STANDARD_LIBRARIES = YES;
				BUNDLE_LOADER = "$(TEST_HOST)";
				CODE_SIGN_STYLE = Automatic;
				CURRENT_PROJECT_VERSION = 1;
				DEVELOPMENT_TEAM = A4XS5H72CE;
				GENERATE_INFOPLIST_FILE = YES;
				IPHONEOS_DEPLOYMENT_TARGET = 16.0;
				MARKETING_VERSION = 1.0;
				PRODUCT_BUNDLE_IDENTIFIER = d.githubTests;
				PRODUCT_NAME = "$(TARGET_NAME)";
				SWIFT_EMIT_LOC_STRINGS = NO;
				SWIFT_VERSION = 5.0;
				TARGETED_DEVICE_FAMILY = "1,2";
				TEST_HOST = "$(BUILT_PRODUCTS_DIR)/github.app/$(BUNDLE_EXECUTABLE_FOLDER_PATH)/github";
			};
			name = Debug;
		};
		1DC3CD2028A1441A00067001 /* Release */ = {
			isa = XCBuildConfiguration;
			buildSettings = {
				ALWAYS_EMBED_SWIFT_STANDARD_LIBRARIES = YES;
				BUNDLE_LOADER = "$(TEST_HOST)";
				CODE_SIGN_STYLE = Automatic;
				CURRENT_PROJECT_VERSION = 1;
				DEVELOPMENT_TEAM = A4XS5H72CE;
				GENERATE_INFOPLIST_FILE = YES;
				IPHONEOS_DEPLOYMENT_TARGET = 16.0;
				MARKETING_VERSION = 1.0;
				PRODUCT_BUNDLE_IDENTIFIER = d.githubTests;
				PRODUCT_NAME = "$(TARGET_NAME)";
				SWIFT_EMIT_LOC_STRINGS = NO;
				SWIFT_VERSION = 5.0;
				TARGETED_DEVICE_FAMILY = "1,2";
				TEST_HOST = "$(BUILT_PRODUCTS_DIR)/github.app/$(BUNDLE_EXECUTABLE_FOLDER_PATH)/github";
			};
			name = Release;
		};
		1DC3CD2228A1441A00067001 /* Debug */ = {
			isa = XCBuildConfiguration;
			buildSettings = {
				ALWAYS_EMBED_SWIFT_STANDARD_LIBRARIES = YES;
				CODE_SIGN_STYLE = Automatic;
				CURRENT_PROJECT_VERSION = 1;
				DEVELOPMENT_TEAM = A4XS5H72CE;
				GENERATE_INFOPLIST_FILE = YES;
				MARKETING_VERSION = 1.0;
				PRODUCT_BUNDLE_IDENTIFIER = d.githubUITests;
				PRODUCT_NAME = "$(TARGET_NAME)";
				SWIFT_EMIT_LOC_STRINGS = NO;
				SWIFT_VERSION = 5.0;
				TARGETED_DEVICE_FAMILY = "1,2";
				TEST_TARGET_NAME = github;
			};
			name = Debug;
		};
		1DC3CD2328A1441A00067001 /* Release */ = {
			isa = XCBuildConfiguration;
			buildSettings = {
				ALWAYS_EMBED_SWIFT_STANDARD_LIBRARIES = YES;
				CODE_SIGN_STYLE = Automatic;
				CURRENT_PROJECT_VERSION = 1;
				DEVELOPMENT_TEAM = A4XS5H72CE;
				GENERATE_INFOPLIST_FILE = YES;
				MARKETING_VERSION = 1.0;
				PRODUCT_BUNDLE_IDENTIFIER = d.githubUITests;
				PRODUCT_NAME = "$(TARGET_NAME)";
				SWIFT_EMIT_LOC_STRINGS = NO;
				SWIFT_VERSION = 5.0;
				TARGETED_DEVICE_FAMILY = "1,2";
				TEST_TARGET_NAME = github;
			};
			name = Release;
		};
/* End XCBuildConfiguration section */

/* Begin XCConfigurationList section */
		1DC3CCEC28A1441800067001 /* Build configuration list for PBXProject "github" */ = {
			isa = XCConfigurationList;
			buildConfigurations = (
				1DC3CD1928A1441A00067001 /* Debug */,
				1DC3CD1A28A1441A00067001 /* Release */,
			);
			defaultConfigurationIsVisible = 0;
			defaultConfigurationName = Release;
		};
		1DC3CD1B28A1441A00067001 /* Build configuration list for PBXNativeTarget "github" */ = {
			isa = XCConfigurationList;
			buildConfigurations = (
				1DC3CD1C28A1441A00067001 /* Debug */,
				1DC3CD1D28A1441A00067001 /* Release */,
			);
			defaultConfigurationIsVisible = 0;
			defaultConfigurationName = Release;
		};
		1DC3CD1E28A1441A00067001 /* Build configuration list for PBXNativeTarget "githubTests" */ = {
			isa = XCConfigurationList;
			buildConfigurations = (
				1DC3CD1F28A1441A00067001 /* Debug */,
				1DC3CD2028A1441A00067001 /* Release */,
			);
			defaultConfigurationIsVisible = 0;
			defaultConfigurationName = Release;
		};
		1DC3CD2128A1441A00067001 /* Build configuration list for PBXNativeTarget "githubUITests" */ = {
			isa = XCConfigurationList;
			buildConfigurations = (
				1DC3CD2228A1441A00067001 /* Debug */,
				1DC3CD2328A1441A00067001 /* Release */,
			);
			defaultConfigurationIsVisible = 0;
			defaultConfigurationName = Release;
		};
/* End XCConfigurationList section */

/* Begin XCRemoteSwiftPackageReference section */
		1D93953B28A14E8C00B0CE90 /* XCRemoteSwiftPackageReference "firebase-ios-sdk" */ = {
			isa = XCRemoteSwiftPackageReference;
			repositoryURL = "https://github.com/firebase/firebase-ios-sdk";
			requirement = {
				branch = master;
				kind = branch;
			};
		};
/* End XCRemoteSwiftPackageReference section */

/* Begin XCSwiftPackageProductDependency section */
		1D93953C28A14E8C00B0CE90 /* FirebaseAuth */ = {
			isa = XCSwiftPackageProductDependency;
			package = 1D93953B28A14E8C00B0CE90 /* XCRemoteSwiftPackageReference "firebase-ios-sdk" */;
			productName = FirebaseAuth;
		};
		1D93953E28A14E8C00B0CE90 /* FirebaseAuthCombine-Community */ = {
			isa = XCSwiftPackageProductDependency;
			package = 1D93953B28A14E8C00B0CE90 /* XCRemoteSwiftPackageReference "firebase-ios-sdk" */;
			productName = "FirebaseAuthCombine-Community";
		};
/* End XCSwiftPackageProductDependency section */
	};
	rootObject = 1DC3CCE928A1441800067001 /* Project object */;
}
